
Microsoft Visual Studio Solution File, Format Version 12.00
# Visual Studio 15
VisualStudioVersion = 15.0.26124.0
MinimumVisualStudioVersion = 15.0.26124.0
Project("{2150E333-8FDC-42A3-9474-1A3956D46DE8}") = "src", "src", "{59E627B6-C777-48E9-B0DD-1C649EAB150C}"
EndProject
Project("{FAE04EC0-301F-11D3-BF4B-00C04F79EFBC}") = "MidiShare.Core", "src\MidiShare.Core\MidiShare.Core.csproj", "{1FF7DEC8-B93C-4139-BB80-2A03E22473EE}"
EndProject
Project("{FAE04EC0-301F-11D3-BF4B-00C04F79EFBC}") = "MidiShare.Cli", "src\MidiShare.Cli\MidiShare.Cli.csproj", "{CAB6F1B9-D241-45D0-8041-C0BFA4A13A3A}"
EndProject
Global
	GlobalSection(SolutionConfigurationPlatforms) = preSolution
		Debug|Any CPU = Debug|Any CPU
		Debug|x64 = Debug|x64
		Debug|x86 = Debug|x86
		Release|Any CPU = Release|Any CPU
		Release|x64 = Release|x64
		Release|x86 = Release|x86
	EndGlobalSection
	GlobalSection(SolutionProperties) = preSolution
		HideSolutionNode = FALSE
	EndGlobalSection
	GlobalSection(ProjectConfigurationPlatforms) = postSolution
		{1FF7DEC8-B93C-4139-BB80-2A03E22473EE}.Debug|Any CPU.ActiveCfg = Debug|Any CPU
		{1FF7DEC8-B93C-4139-BB80-2A03E22473EE}.Debug|Any CPU.Build.0 = Debug|Any CPU
		{1FF7DEC8-B93C-4139-BB80-2A03E22473EE}.Debug|x64.ActiveCfg = Debug|Any CPU
		{1FF7DEC8-B93C-4139-BB80-2A03E22473EE}.Debug|x64.Build.0 = Debug|Any CPU
		{1FF7DEC8-B93C-4139-BB80-2A03E22473EE}.Debug|x86.ActiveCfg = Debug|Any CPU
		{1FF7DEC8-B93C-4139-BB80-2A03E22473EE}.Debug|x86.Build.0 = Debug|Any CPU
		{1FF7DEC8-B93C-4139-BB80-2A03E22473EE}.Release|Any CPU.ActiveCfg = Release|Any CPU
		{1FF7DEC8-B93C-4139-BB80-2A03E22473EE}.Release|Any CPU.Build.0 = Release|Any CPU
		{1FF7DEC8-B93C-4139-BB80-2A03E22473EE}.Release|x64.ActiveCfg = Release|Any CPU
		{1FF7DEC8-B93C-4139-BB80-2A03E22473EE}.Release|x64.Build.0 = Release|Any CPU
		{1FF7DEC8-B93C-4139-BB80-2A03E22473EE}.Release|x86.ActiveCfg = Release|Any CPU
		{1FF7DEC8-B93C-4139-BB80-2A03E22473EE}.Release|x86.Build.0 = Release|Any CPU
		{CAB6F1B9-D241-45D0-8041-C0BFA4A13A3A}.Debug|Any CPU.ActiveCfg = Debug|Any CPU
		{CAB6F1B9-D241-45D0-8041-C0BFA4A13A3A}.Debug|Any CPU.Build.0 = Debug|Any CPU
		{CAB6F1B9-D241-45D0-8041-C0BFA4A13A3A}.Debug|x64.ActiveCfg = Debug|Any CPU
		{CAB6F1B9-D241-45D0-8041-C0BFA4A13A3A}.Debug|x64.Build.0 = Debug|Any CPU
		{CAB6F1B9-D241-45D0-8041-C0BFA4A13A3A}.Debug|x86.ActiveCfg = Debug|Any CPU
		{CAB6F1B9-D241-45D0-8041-C0BFA4A13A3A}.Debug|x86.Build.0 = Debug|Any CPU
		{CAB6F1B9-D241-45D0-8041-C0BFA4A13A3A}.Release|Any CPU.ActiveCfg = Release|Any CPU
		{CAB6F1B9-D241-45D0-8041-C0BFA4A13A3A}.Release|Any CPU.Build.0 = Release|Any CPU
		{CAB6F1B9-D241-45D0-8041-C0BFA4A13A3A}.Release|x64.ActiveCfg = Release|Any CPU
		{CAB6F1B9-D241-45D0-8041-C0BFA4A13A3A}.Release|x64.Build.0 = Release|Any CPU
		{CAB6F1B9-D241-45D0-8041-C0BFA4A13A3A}.Release|x86.ActiveCfg = Release|Any CPU
		{CAB6F1B9-D241-45D0-8041-C0BFA4A13A3A}.Release|x86.Build.0 = Release|Any CPU
	EndGlobalSection
	GlobalSection(NestedProjects) = preSolution
		{1FF7DEC8-B93C-4139-BB80-2A03E22473EE} = {59E627B6-C777-48E9-B0DD-1C649EAB150C}
		{CAB6F1B9-D241-45D0-8041-C0BFA4A13A3A} = {59E627B6-C777-48E9-B0DD-1C649EAB150C}
	EndGlobalSection
EndGlobal
